// !$*UTF8*$!
{
	archiveVersion = 1;
	classes = {
	};
	objectVersion = 50;
	objects = {

/* Begin PBXBuildFile section */
		8421033325A4D4E400F991AE /* UltimatePortfolioApp.swift in Sources */ = {isa = PBXBuildFile; fileRef = 8421033225A4D4E400F991AE /* UltimatePortfolioApp.swift */; };
		8421033525A4D4E400F991AE /* ContentView.swift in Sources */ = {isa = PBXBuildFile; fileRef = 8421033425A4D4E400F991AE /* ContentView.swift */; };
		8421033725A4D4E500F991AE /* Assets.xcassets in Resources */ = {isa = PBXBuildFile; fileRef = 8421033625A4D4E500F991AE /* Assets.xcassets */; };
		8421033A25A4D4E500F991AE /* Preview Assets.xcassets in Resources */ = {isa = PBXBuildFile; fileRef = 8421033925A4D4E500F991AE /* Preview Assets.xcassets */; };
		8421034425A4D56D00F991AE /* Main.xcdatamodeld in Sources */ = {isa = PBXBuildFile; fileRef = 8421034225A4D56D00F991AE /* Main.xcdatamodeld */; };
		8421034725A4D8CF00F991AE /* DataController.swift in Sources */ = {isa = PBXBuildFile; fileRef = 8421034625A4D8CF00F991AE /* DataController.swift */; };
		8421034D25A4E33B00F991AE /* CloudKit.framework in Frameworks */ = {isa = PBXBuildFile; fileRef = 8421034C25A4E33B00F991AE /* CloudKit.framework */; };
		84860C9325A5FC1300DAD8DC /* HomeView.swift in Sources */ = {isa = PBXBuildFile; fileRef = 84860C9225A5FC1300DAD8DC /* HomeView.swift */; };
		84860C9625A5FDD800DAD8DC /* ProjectsView.swift in Sources */ = {isa = PBXBuildFile; fileRef = 84860C9525A5FDD800DAD8DC /* ProjectsView.swift */; };
		84860CA425A623AA00DAD8DC /* Item-CoreDataHelpers.swift in Sources */ = {isa = PBXBuildFile; fileRef = 84860CA325A623AA00DAD8DC /* Item-CoreDataHelpers.swift */; };
		84860CA725A6C10400DAD8DC /* Project-CoreDataHelpers.swift in Sources */ = {isa = PBXBuildFile; fileRef = 84860CA625A6C10400DAD8DC /* Project-CoreDataHelpers.swift */; };
		84860CD325A721C700DAD8DC /* EditItemView.swift in Sources */ = {isa = PBXBuildFile; fileRef = 84860CD225A721C700DAD8DC /* EditItemView.swift */; };
		84860CD625A726C000DAD8DC /* ItemRowView.swift in Sources */ = {isa = PBXBuildFile; fileRef = 84860CD525A726C000DAD8DC /* ItemRowView.swift */; };
		84860CD925A7414900DAD8DC /* Binding-OnChange.swift in Sources */ = {isa = PBXBuildFile; fileRef = 84860CD825A7414900DAD8DC /* Binding-OnChange.swift */; };
		84860CDC25A7657200DAD8DC /* ProjectHeaderView.swift in Sources */ = {isa = PBXBuildFile; fileRef = 84860CDB25A7657200DAD8DC /* ProjectHeaderView.swift */; };
		84860CDF25A76C7E00DAD8DC /* Colors.xcassets in Resources */ = {isa = PBXBuildFile; fileRef = 84860CDE25A76C7E00DAD8DC /* Colors.xcassets */; };
		84860CE225A76DC500DAD8DC /* EditProjectView.swift in Sources */ = {isa = PBXBuildFile; fileRef = 84860CE125A76DC500DAD8DC /* EditProjectView.swift */; };
/* End PBXBuildFile section */

/* Begin PBXFileReference section */
		8421032F25A4D4E400F991AE /* UltimatePortfolio.app */ = {isa = PBXFileReference; explicitFileType = wrapper.application; includeInIndex = 0; path = UltimatePortfolio.app; sourceTree = BUILT_PRODUCTS_DIR; };
		8421033225A4D4E400F991AE /* UltimatePortfolioApp.swift */ = {isa = PBXFileReference; lastKnownFileType = sourcecode.swift; path = UltimatePortfolioApp.swift; sourceTree = "<group>"; };
		8421033425A4D4E400F991AE /* ContentView.swift */ = {isa = PBXFileReference; lastKnownFileType = sourcecode.swift; path = ContentView.swift; sourceTree = "<group>"; };
		8421033625A4D4E500F991AE /* Assets.xcassets */ = {isa = PBXFileReference; lastKnownFileType = folder.assetcatalog; path = Assets.xcassets; sourceTree = "<group>"; };
		8421033925A4D4E500F991AE /* Preview Assets.xcassets */ = {isa = PBXFileReference; lastKnownFileType = folder.assetcatalog; path = "Preview Assets.xcassets"; sourceTree = "<group>"; };
		8421033B25A4D4E500F991AE /* Info.plist */ = {isa = PBXFileReference; lastKnownFileType = text.plist.xml; path = Info.plist; sourceTree = "<group>"; };
		8421034325A4D56D00F991AE /* Main.xcdatamodel */ = {isa = PBXFileReference; lastKnownFileType = wrapper.xcdatamodel; path = Main.xcdatamodel; sourceTree = "<group>"; };
		8421034625A4D8CF00F991AE /* DataController.swift */ = {isa = PBXFileReference; lastKnownFileType = sourcecode.swift; path = DataController.swift; sourceTree = "<group>"; };
		8421034925A4E16E00F991AE /* UltimatePortfolio.entitlements */ = {isa = PBXFileReference; lastKnownFileType = text.plist.entitlements; path = UltimatePortfolio.entitlements; sourceTree = "<group>"; };
		8421034C25A4E33B00F991AE /* CloudKit.framework */ = {isa = PBXFileReference; lastKnownFileType = wrapper.framework; name = CloudKit.framework; path = System/Library/Frameworks/CloudKit.framework; sourceTree = SDKROOT; };
		84860C9225A5FC1300DAD8DC /* HomeView.swift */ = {isa = PBXFileReference; lastKnownFileType = sourcecode.swift; path = HomeView.swift; sourceTree = "<group>"; };
		84860C9525A5FDD800DAD8DC /* ProjectsView.swift */ = {isa = PBXFileReference; lastKnownFileType = sourcecode.swift; path = ProjectsView.swift; sourceTree = "<group>"; };
		84860CA325A623AA00DAD8DC /* Item-CoreDataHelpers.swift */ = {isa = PBXFileReference; lastKnownFileType = sourcecode.swift; path = "Item-CoreDataHelpers.swift"; sourceTree = "<group>"; };
		84860CA625A6C10400DAD8DC /* Project-CoreDataHelpers.swift */ = {isa = PBXFileReference; lastKnownFileType = sourcecode.swift; path = "Project-CoreDataHelpers.swift"; sourceTree = "<group>"; };
		84860CD225A721C700DAD8DC /* EditItemView.swift */ = {isa = PBXFileReference; lastKnownFileType = sourcecode.swift; path = EditItemView.swift; sourceTree = "<group>"; };
		84860CD525A726C000DAD8DC /* ItemRowView.swift */ = {isa = PBXFileReference; lastKnownFileType = sourcecode.swift; path = ItemRowView.swift; sourceTree = "<group>"; };
		84860CD825A7414900DAD8DC /* Binding-OnChange.swift */ = {isa = PBXFileReference; lastKnownFileType = sourcecode.swift; path = "Binding-OnChange.swift"; sourceTree = "<group>"; };
		84860CDB25A7657200DAD8DC /* ProjectHeaderView.swift */ = {isa = PBXFileReference; lastKnownFileType = sourcecode.swift; path = ProjectHeaderView.swift; sourceTree = "<group>"; };
		84860CDE25A76C7E00DAD8DC /* Colors.xcassets */ = {isa = PBXFileReference; lastKnownFileType = folder.assetcatalog; path = Colors.xcassets; sourceTree = "<group>"; };
		84860CE125A76DC500DAD8DC /* EditProjectView.swift */ = {isa = PBXFileReference; lastKnownFileType = sourcecode.swift; path = EditProjectView.swift; sourceTree = "<group>"; };
/* End PBXFileReference section */

/* Begin PBXFrameworksBuildPhase section */
		8421032C25A4D4E400F991AE /* Frameworks */ = {
			isa = PBXFrameworksBuildPhase;
			buildActionMask = 2147483647;
			files = (
				8421034D25A4E33B00F991AE /* CloudKit.framework in Frameworks */,
			);
			runOnlyForDeploymentPostprocessing = 0;
		};
/* End PBXFrameworksBuildPhase section */

/* Begin PBXGroup section */
		8421032625A4D4E400F991AE = {
			isa = PBXGroup;
			children = (
				8421033125A4D4E400F991AE /* UltimatePortfolio */,
				8421033025A4D4E400F991AE /* Products */,
				8421034B25A4E33B00F991AE /* Frameworks */,
			);
			sourceTree = "<group>";
		};
		8421033025A4D4E400F991AE /* Products */ = {
			isa = PBXGroup;
			children = (
				8421032F25A4D4E400F991AE /* UltimatePortfolio.app */,
			);
			name = Products;
			sourceTree = "<group>";
		};
		8421033125A4D4E400F991AE /* UltimatePortfolio */ = {
			isa = PBXGroup;
			children = (
				84860C9225A5FC1300DAD8DC /* HomeView.swift */,
				84860C9525A5FDD800DAD8DC /* ProjectsView.swift */,
				84860CD525A726C000DAD8DC /* ItemRowView.swift */,
				84860CD225A721C700DAD8DC /* EditItemView.swift */,
				84860CD825A7414900DAD8DC /* Binding-OnChange.swift */,
				8421034625A4D8CF00F991AE /* DataController.swift */,
				8421034925A4E16E00F991AE /* UltimatePortfolio.entitlements */,
				8421033225A4D4E400F991AE /* UltimatePortfolioApp.swift */,
				84860CDB25A7657200DAD8DC /* ProjectHeaderView.swift */,
				84860CE125A76DC500DAD8DC /* EditProjectView.swift */,
				8421033425A4D4E400F991AE /* ContentView.swift */,
				84860CA325A623AA00DAD8DC /* Item-CoreDataHelpers.swift */,
				84860CA625A6C10400DAD8DC /* Project-CoreDataHelpers.swift */,
				8421034225A4D56D00F991AE /* Main.xcdatamodeld */,
				8421033625A4D4E500F991AE /* Assets.xcassets */,
				84860CDE25A76C7E00DAD8DC /* Colors.xcassets */,
				8421033B25A4D4E500F991AE /* Info.plist */,
				8421033825A4D4E500F991AE /* Preview Content */,
			);
			path = UltimatePortfolio;
			sourceTree = "<group>";
		};
		8421033825A4D4E500F991AE /* Preview Content */ = {
			isa = PBXGroup;
			children = (
				8421033925A4D4E500F991AE /* Preview Assets.xcassets */,
			);
			path = "Preview Content";
			sourceTree = "<group>";
		};
		8421034B25A4E33B00F991AE /* Frameworks */ = {
			isa = PBXGroup;
			children = (
				8421034C25A4E33B00F991AE /* CloudKit.framework */,
			);
			name = Frameworks;
			sourceTree = "<group>";
		};
/* End PBXGroup section */

/* Begin PBXNativeTarget section */
		8421032E25A4D4E400F991AE /* UltimatePortfolio */ = {
			isa = PBXNativeTarget;
			buildConfigurationList = 8421033E25A4D4E500F991AE /* Build configuration list for PBXNativeTarget "UltimatePortfolio" */;
			buildPhases = (
				8421032B25A4D4E400F991AE /* Sources */,
				8421032C25A4D4E400F991AE /* Frameworks */,
				8421032D25A4D4E400F991AE /* Resources */,
			);
			buildRules = (
			);
			dependencies = (
			);
			name = UltimatePortfolio;
			productName = UltimatePortfolio;
			productReference = 8421032F25A4D4E400F991AE /* UltimatePortfolio.app */;
			productType = "com.apple.product-type.application";
		};
/* End PBXNativeTarget section */

/* Begin PBXProject section */
		8421032725A4D4E400F991AE /* Project object */ = {
			isa = PBXProject;
			attributes = {
				LastSwiftUpdateCheck = 1220;
				LastUpgradeCheck = 1220;
				TargetAttributes = {
					8421032E25A4D4E400F991AE = {
						CreatedOnToolsVersion = 12.2;
					};
				};
			};
			buildConfigurationList = 8421032A25A4D4E400F991AE /* Build configuration list for PBXProject "UltimatePortfolio" */;
			compatibilityVersion = "Xcode 9.3";
			developmentRegion = en;
			hasScannedForEncodings = 0;
			knownRegions = (
				en,
				Base,
			);
			mainGroup = 8421032625A4D4E400F991AE;
			productRefGroup = 8421033025A4D4E400F991AE /* Products */;
			projectDirPath = "";
			projectRoot = "";
			targets = (
				8421032E25A4D4E400F991AE /* UltimatePortfolio */,
			);
		};
/* End PBXProject section */

/* Begin PBXResourcesBuildPhase section */
		8421032D25A4D4E400F991AE /* Resources */ = {
			isa = PBXResourcesBuildPhase;
			buildActionMask = 2147483647;
			files = (
				84860CDF25A76C7E00DAD8DC /* Colors.xcassets in Resources */,
				8421033A25A4D4E500F991AE /* Preview Assets.xcassets in Resources */,
				8421033725A4D4E500F991AE /* Assets.xcassets in Resources */,
			);
			runOnlyForDeploymentPostprocessing = 0;
		};
/* End PBXResourcesBuildPhase section */

/* Begin PBXSourcesBuildPhase section */
		8421032B25A4D4E400F991AE /* Sources */ = {
			isa = PBXSourcesBuildPhase;
			buildActionMask = 2147483647;
			files = (
				84860C9625A5FDD800DAD8DC /* ProjectsView.swift in Sources */,
				84860CDC25A7657200DAD8DC /* ProjectHeaderView.swift in Sources */,
				8421034425A4D56D00F991AE /* Main.xcdatamodeld in Sources */,
				84860CA725A6C10400DAD8DC /* Project-CoreDataHelpers.swift in Sources */,
				84860CE225A76DC500DAD8DC /* EditProjectView.swift in Sources */,
				8421034725A4D8CF00F991AE /* DataController.swift in Sources */,
				84860CD625A726C000DAD8DC /* ItemRowView.swift in Sources */,
				8421033525A4D4E400F991AE /* ContentView.swift in Sources */,
				84860CD925A7414900DAD8DC /* Binding-OnChange.swift in Sources */,
				84860C9325A5FC1300DAD8DC /* HomeView.swift in Sources */,
				8421033325A4D4E400F991AE /* UltimatePortfolioApp.swift in Sources */,
				84860CA425A623AA00DAD8DC /* Item-CoreDataHelpers.swift in Sources */,
				84860CD325A721C700DAD8DC /* EditItemView.swift in Sources */,
			);
			runOnlyForDeploymentPostprocessing = 0;
		};
/* End PBXSourcesBuildPhase section */

/* Begin XCBuildConfiguration section */
		8421033C25A4D4E500F991AE /* Debug */ = {
			isa = XCBuildConfiguration;
			buildSettings = {
				ALWAYS_SEARCH_USER_PATHS = NO;
				CLANG_ANALYZER_NONNULL = YES;
				CLANG_ANALYZER_NUMBER_OBJECT_CONVERSION = YES_AGGRESSIVE;
				CLANG_CXX_LANGUAGE_STANDARD = "gnu++14";
				CLANG_CXX_LIBRARY = "libc++";
				CLANG_ENABLE_MODULES = YES;
				CLANG_ENABLE_OBJC_ARC = YES;
				CLANG_ENABLE_OBJC_WEAK = YES;
				CLANG_WARN_BLOCK_CAPTURE_AUTORELEASING = YES;
				CLANG_WARN_BOOL_CONVERSION = YES;
				CLANG_WARN_COMMA = YES;
				CLANG_WARN_CONSTANT_CONVERSION = YES;
				CLANG_WARN_DEPRECATED_OBJC_IMPLEMENTATIONS = YES;
				CLANG_WARN_DIRECT_OBJC_ISA_USAGE = YES_ERROR;
				CLANG_WARN_DOCUMENTATION_COMMENTS = YES;
				CLANG_WARN_EMPTY_BODY = YES;
				CLANG_WARN_ENUM_CONVERSION = YES;
				CLANG_WARN_INFINITE_RECURSION = YES;
				CLANG_WARN_INT_CONVERSION = YES;
				CLANG_WARN_NON_LITERAL_NULL_CONVERSION = YES;
				CLANG_WARN_OBJC_IMPLICIT_RETAIN_SELF = YES;
				CLANG_WARN_OBJC_LITERAL_CONVERSION = YES;
				CLANG_WARN_OBJC_ROOT_CLASS = YES_ERROR;
				CLANG_WARN_QUOTED_INCLUDE_IN_FRAMEWORK_HEADER = YES;
				CLANG_WARN_RANGE_LOOP_ANALYSIS = YES;
				CLANG_WARN_STRICT_PROTOTYPES = YES;
				CLANG_WARN_SUSPICIOUS_MOVE = YES;
				CLANG_WARN_UNGUARDED_AVAILABILITY = YES_AGGRESSIVE;
				CLANG_WARN_UNREACHABLE_CODE = YES;
				CLANG_WARN__DUPLICATE_METHOD_MATCH = YES;
				COPY_PHASE_STRIP = NO;
				DEBUG_INFORMATION_FORMAT = dwarf;
				ENABLE_STRICT_OBJC_MSGSEND = YES;
				ENABLE_TESTABILITY = YES;
				GCC_C_LANGUAGE_STANDARD = gnu11;
				GCC_DYNAMIC_NO_PIC = NO;
				GCC_NO_COMMON_BLOCKS = YES;
				GCC_OPTIMIZATION_LEVEL = 0;
				GCC_PREPROCESSOR_DEFINITIONS = (
					"DEBUG=1",
					"$(inherited)",
				);
				GCC_WARN_64_TO_32_BIT_CONVERSION = YES;
				GCC_WARN_ABOUT_RETURN_TYPE = YES_ERROR;
				GCC_WARN_UNDECLARED_SELECTOR = YES;
				GCC_WARN_UNINITIALIZED_AUTOS = YES_AGGRESSIVE;
				GCC_WARN_UNUSED_FUNCTION = YES;
				GCC_WARN_UNUSED_VARIABLE = YES;
				IPHONEOS_DEPLOYMENT_TARGET = 14.2;
				MTL_ENABLE_DEBUG_INFO = INCLUDE_SOURCE;
				MTL_FAST_MATH = YES;
				ONLY_ACTIVE_ARCH = YES;
				SDKROOT = iphoneos;
				SWIFT_ACTIVE_COMPILATION_CONDITIONS = DEBUG;
				SWIFT_OPTIMIZATION_LEVEL = "-Onone";
			};
			name = Debug;
		};
		8421033D25A4D4E500F991AE /* Release */ = {
			isa = XCBuildConfiguration;
			buildSettings = {
				ALWAYS_SEARCH_USER_PATHS = NO;
				CLANG_ANALYZER_NONNULL = YES;
				CLANG_ANALYZER_NUMBER_OBJECT_CONVERSION = YES_AGGRESSIVE;
				CLANG_CXX_LANGUAGE_STANDARD = "gnu++14";
				CLANG_CXX_LIBRARY = "libc++";
				CLANG_ENABLE_MODULES = YES;
				CLANG_ENABLE_OBJC_ARC = YES;
				CLANG_ENABLE_OBJC_WEAK = YES;
				CLANG_WARN_BLOCK_CAPTURE_AUTORELEASING = YES;
				CLANG_WARN_BOOL_CONVERSION = YES;
				CLANG_WARN_COMMA = YES;
				CLANG_WARN_CONSTANT_CONVERSION = YES;
				CLANG_WARN_DEPRECATED_OBJC_IMPLEMENTATIONS = YES;
				CLANG_WARN_DIRECT_OBJC_ISA_USAGE = YES_ERROR;
				CLANG_WARN_DOCUMENTATION_COMMENTS = YES;
				CLANG_WARN_EMPTY_BODY = YES;
				CLANG_WARN_ENUM_CONVERSION = YES;
				CLANG_WARN_INFINITE_RECURSION = YES;
				CLANG_WARN_INT_CONVERSION = YES;
				CLANG_WARN_NON_LITERAL_NULL_CONVERSION = YES;
				CLANG_WARN_OBJC_IMPLICIT_RETAIN_SELF = YES;
				CLANG_WARN_OBJC_LITERAL_CONVERSION = YES;
				CLANG_WARN_OBJC_ROOT_CLASS = YES_ERROR;
				CLANG_WARN_QUOTED_INCLUDE_IN_FRAMEWORK_HEADER = YES;
				CLANG_WARN_RANGE_LOOP_ANALYSIS = YES;
				CLANG_WARN_STRICT_PROTOTYPES = YES;
				CLANG_WARN_SUSPICIOUS_MOVE = YES;
				CLANG_WARN_UNGUARDED_AVAILABILITY = YES_AGGRESSIVE;
				CLANG_WARN_UNREACHABLE_CODE = YES;
				CLANG_WARN__DUPLICATE_METHOD_MATCH = YES;
				COPY_PHASE_STRIP = NO;
				DEBUG_INFORMATION_FORMAT = "dwarf-with-dsym";
				ENABLE_NS_ASSERTIONS = NO;
				ENABLE_STRICT_OBJC_MSGSEND = YES;
				GCC_C_LANGUAGE_STANDARD = gnu11;
				GCC_NO_COMMON_BLOCKS = YES;
				GCC_WARN_64_TO_32_BIT_CONVERSION = YES;
				GCC_WARN_ABOUT_RETURN_TYPE = YES_ERROR;
				GCC_WARN_UNDECLARED_SELECTOR = YES;
				GCC_WARN_UNINITIALIZED_AUTOS = YES_AGGRESSIVE;
				GCC_WARN_UNUSED_FUNCTION = YES;
				GCC_WARN_UNUSED_VARIABLE = YES;
				IPHONEOS_DEPLOYMENT_TARGET = 14.2;
				MTL_ENABLE_DEBUG_INFO = NO;
				MTL_FAST_MATH = YES;
				SDKROOT = iphoneos;
				SWIFT_COMPILATION_MODE = wholemodule;
				SWIFT_OPTIMIZATION_LEVEL = "-O";
				VALIDATE_PRODUCT = YES;
			};
			name = Release;
		};
		8421033F25A4D4E500F991AE /* Debug */ = {
			isa = XCBuildConfiguration;
			buildSettings = {
				ASSETCATALOG_COMPILER_APPICON_NAME = AppIcon;
				ASSETCATALOG_COMPILER_GLOBAL_ACCENT_COLOR_NAME = AccentColor;
				CODE_SIGN_ENTITLEMENTS = UltimatePortfolio/UltimatePortfolio.entitlements;
				CODE_SIGN_STYLE = Automatic;
				DEVELOPMENT_ASSET_PATHS = "\"UltimatePortfolio/Preview Content\"";
				DEVELOPMENT_TEAM = 7L7TJTW9SV;
				ENABLE_PREVIEWS = YES;
				INFOPLIST_FILE = UltimatePortfolio/Info.plist;
				IPHONEOS_DEPLOYMENT_TARGET = 14.0;
				LD_RUNPATH_SEARCH_PATHS = (
					"$(inherited)",
					"@executable_path/Frameworks",
				);
				PRODUCT_BUNDLE_IDENTIFIER = com.laila.UltimatePortfolio;
				PRODUCT_NAME = "$(TARGET_NAME)";
				SWIFT_VERSION = 5.0;
				TARGETED_DEVICE_FAMILY = "1,2";
			};
			name = Debug;
		};
		8421034025A4D4E500F991AE /* Release */ = {
			isa = XCBuildConfiguration;
			buildSettings = {
				ASSETCATALOG_COMPILER_APPICON_NAME = AppIcon;
				ASSETCATALOG_COMPILER_GLOBAL_ACCENT_COLOR_NAME = AccentColor;
				CODE_SIGN_ENTITLEMENTS = UltimatePortfolio/UltimatePortfolio.entitlements;
				CODE_SIGN_STYLE = Automatic;
				DEVELOPMENT_ASSET_PATHS = "\"UltimatePortfolio/Preview Content\"";
				ENABLE_PREVIEWS = YES;
				INFOPLIST_FILE = UltimatePortfolio/Info.plist;
				IPHONEOS_DEPLOYMENT_TARGET = 14.0;
				LD_RUNPATH_SEARCH_PATHS = (
					"$(inherited)",
					"@executable_path/Frameworks",
				);
				PRODUCT_BUNDLE_IDENTIFIER = com.laila.UltimatePortfolio;
				PRODUCT_NAME = "$(TARGET_NAME)";
				SWIFT_VERSION = 5.0;
				TARGETED_DEVICE_FAMILY = "1,2";
			};
			name = Release;
		};
/* End XCBuildConfiguration section */

/* Begin XCConfigurationList section */
		8421032A25A4D4E400F991AE /* Build configuration list for PBXProject "UltimatePortfolio" */ = {
			isa = XCConfigurationList;
			buildConfigurations = (
				8421033C25A4D4E500F991AE /* Debug */,
				8421033D25A4D4E500F991AE /* Release */,
			);
			defaultConfigurationIsVisible = 0;
			defaultConfigurationName = Release;
		};
		8421033E25A4D4E500F991AE /* Build configuration list for PBXNativeTarget "UltimatePortfolio" */ = {
			isa = XCConfigurationList;
			buildConfigurations = (
				8421033F25A4D4E500F991AE /* Debug */,
				8421034025A4D4E500F991AE /* Release */,
			);
			defaultConfigurationIsVisible = 0;
			defaultConfigurationName = Release;
		};
/* End XCConfigurationList section */

/* Begin XCVersionGroup section */
		8421034225A4D56D00F991AE /* Main.xcdatamodeld */ = {
			isa = XCVersionGroup;
			children = (
				8421034325A4D56D00F991AE /* Main.xcdatamodel */,
			);
			currentVersion = 8421034325A4D56D00F991AE /* Main.xcdatamodel */;
			path = Main.xcdatamodeld;
			sourceTree = "<group>";
			versionGroupType = wrapper.xcdatamodel;
		};
/* End XCVersionGroup section */
	};
	rootObject = 8421032725A4D4E400F991AE /* Project object */;
}
